// !$*UTF8*$!
{
	archiveVersion = 1;
	classes = {
	};
	objectVersion = 77;
	objects = {

/* Begin PBXBuildFile section */
		7047D3552DA2A5A5009EE704 /* FormValidator.swift in Sources */ = {isa = PBXBuildFile; fileRef = 7047D3532DA2A5A5009EE704 /* FormValidator.swift */; };
		7047D3572DA2A5B9009EE704 /* BudgetDTO.swift in Sources */ = {isa = PBXBuildFile; fileRef = 7047D3562DA2A5B9009EE704 /* BudgetDTO.swift */; };
		7047D3592DA2A790009EE704 /* Transaction.swift in Sources */ = {isa = PBXBuildFile; fileRef = 7047D3582DA2A790009EE704 /* Transaction.swift */; };
		7047D35B2DA2A8C4009EE704 /* BudgetRepository.swift in Sources */ = {isa = PBXBuildFile; fileRef = 7047D35A2DA2A8C4009EE704 /* BudgetRepository.swift */; };
		7047D35D2DA2A98D009EE704 /* TransactionDTO.swift in Sources */ = {isa = PBXBuildFile; fileRef = 7047D35C2DA2A98D009EE704 /* TransactionDTO.swift */; };
		7047D35F2DA2A993009EE704 /* Budget.swift in Sources */ = {isa = PBXBuildFile; fileRef = 7047D35E2DA2A993009EE704 /* Budget.swift */; };
		7047D3612DA2A9F2009EE704 /* TransactionRepository.swift in Sources */ = {isa = PBXBuildFile; fileRef = 7047D3602DA2A9F2009EE704 /* TransactionRepository.swift */; };
		7047D3632DA2ADDF009EE704 /* FirestoreService.swift in Sources */ = {isa = PBXBuildFile; fileRef = 7047D3622DA2ADDF009EE704 /* FirestoreService.swift */; };
		7047D3652DA2B098009EE704 /* FirestoreBudgetRepositoryImpl.swift in Sources */ = {isa = PBXBuildFile; fileRef = 7047D3642DA2B098009EE704 /* FirestoreBudgetRepositoryImpl.swift */; };
		7047D3782DA2BDCE009EE704 /* FirestoreUserDTO.swift in Sources */ = {isa = PBXBuildFile; fileRef = 7047D3772DA2BDCE009EE704 /* FirestoreUserDTO.swift */; };
		70F425B82DA1618400D5F182 /* AppDelegate.swift in Sources */ = {isa = PBXBuildFile; fileRef = 70F425AB2DA1618400D5F182 /* AppDelegate.swift */; };
		70F425B92DA1618400D5F182 /* SceneDelegate.swift in Sources */ = {isa = PBXBuildFile; fileRef = 70F425AC2DA1618400D5F182 /* SceneDelegate.swift */; };
		70F425BA2DA1618400D5F182 /* Assets.xcassets in Resources */ = {isa = PBXBuildFile; fileRef = 70F425B22DA1618400D5F182 /* Assets.xcassets */; };
		70F425BC2DA1618400D5F182 /* LaunchScreen.storyboard in Resources */ = {isa = PBXBuildFile; fileRef = 70F425B52DA1618400D5F182 /* LaunchScreen.storyboard */; };
		70F425CA2DA161F000D5F182 /* DependencyContainer in Frameworks */ = {isa = PBXBuildFile; productRef = 70F425C92DA161F000D5F182 /* DependencyContainer */; };
		70F425CD2DA1622E00D5F182 /* FirebaseAuth in Frameworks */ = {isa = PBXBuildFile; productRef = 70F425CC2DA1622E00D5F182 /* FirebaseAuth */; };
		70F425CF2DA1622E00D5F182 /* FirebaseCore in Frameworks */ = {isa = PBXBuildFile; productRef = 70F425CE2DA1622E00D5F182 /* FirebaseCore */; };
		70F425D12DA1622E00D5F182 /* FirebaseFirestore in Frameworks */ = {isa = PBXBuildFile; productRef = 70F425D02DA1622E00D5F182 /* FirebaseFirestore */; };
		70F425D32DA1627300D5F182 /* AppConfigurer.swift in Sources */ = {isa = PBXBuildFile; fileRef = 70F425D22DA1627300D5F182 /* AppConfigurer.swift */; };
		70F425D52DA163CD00D5F182 /* GoogleService-Info.plist in Resources */ = {isa = PBXBuildFile; fileRef = 70F425D42DA163CD00D5F182 /* GoogleService-Info.plist */; };
		70F425DE2DA1659F00D5F182 /* AppNavigationControllerProvider.swift in Sources */ = {isa = PBXBuildFile; fileRef = 70F425DD2DA1659F00D5F182 /* AppNavigationControllerProvider.swift */; };
		70F425F12DA1681500D5F182 /* HomeCoordinator.swift in Sources */ = {isa = PBXBuildFile; fileRef = 70F425E82DA1681500D5F182 /* HomeCoordinator.swift */; };
		70F425F22DA1681500D5F182 /* HomeView.swift in Sources */ = {isa = PBXBuildFile; fileRef = 70F425E92DA1681500D5F182 /* HomeView.swift */; };
		70F425F32DA1681500D5F182 /* HomeViewModel.swift in Sources */ = {isa = PBXBuildFile; fileRef = 70F425EA2DA1681500D5F182 /* HomeViewModel.swift */; };
		70F425F82DA16A3D00D5F182 /* AuthenticationService.swift in Sources */ = {isa = PBXBuildFile; fileRef = 70F425F72DA16A3D00D5F182 /* AuthenticationService.swift */; };
		70F4261D2DA1837000D5F182 /* SignInCoordinator.swift in Sources */ = {isa = PBXBuildFile; fileRef = 70F426132DA1837000D5F182 /* SignInCoordinator.swift */; };
		70F4261E2DA1837000D5F182 /* SignInView.swift in Sources */ = {isa = PBXBuildFile; fileRef = 70F426142DA1837000D5F182 /* SignInView.swift */; };
		70F4261F2DA1837000D5F182 /* SignInViewModel.swift in Sources */ = {isa = PBXBuildFile; fileRef = 70F426152DA1837000D5F182 /* SignInViewModel.swift */; };
		70F426202DA1837000D5F182 /* SignUpCoordinator.swift in Sources */ = {isa = PBXBuildFile; fileRef = 70F426172DA1837000D5F182 /* SignUpCoordinator.swift */; };
		70F426212DA1837000D5F182 /* SignUpView.swift in Sources */ = {isa = PBXBuildFile; fileRef = 70F426182DA1837000D5F182 /* SignUpView.swift */; };
		70F426222DA1837000D5F182 /* SignUpViewModel.swift in Sources */ = {isa = PBXBuildFile; fileRef = 70F426192DA1837000D5F182 /* SignUpViewModel.swift */; };
		70F426252DA18EF600D5F182 /* AuthRequest.swift in Sources */ = {isa = PBXBuildFile; fileRef = 70F426242DA18EF600D5F182 /* AuthRequest.swift */; };
/* End PBXBuildFile section */

/* Begin PBXFileReference section */
		7047D3532DA2A5A5009EE704 /* FormValidator.swift */ = {isa = PBXFileReference; lastKnownFileType = sourcecode.swift; path = FormValidator.swift; sourceTree = "<group>"; };
		7047D3562DA2A5B9009EE704 /* BudgetDTO.swift */ = {isa = PBXFileReference; lastKnownFileType = sourcecode.swift; path = BudgetDTO.swift; sourceTree = "<group>"; };
		7047D3582DA2A790009EE704 /* Transaction.swift */ = {isa = PBXFileReference; lastKnownFileType = sourcecode.swift; path = Transaction.swift; sourceTree = "<group>"; };
		7047D35A2DA2A8C4009EE704 /* BudgetRepository.swift */ = {isa = PBXFileReference; lastKnownFileType = sourcecode.swift; path = BudgetRepository.swift; sourceTree = "<group>"; };
		7047D35C2DA2A98D009EE704 /* TransactionDTO.swift */ = {isa = PBXFileReference; lastKnownFileType = sourcecode.swift; path = TransactionDTO.swift; sourceTree = "<group>"; };
		7047D35E2DA2A993009EE704 /* Budget.swift */ = {isa = PBXFileReference; lastKnownFileType = sourcecode.swift; path = Budget.swift; sourceTree = "<group>"; };
		7047D3602DA2A9F2009EE704 /* TransactionRepository.swift */ = {isa = PBXFileReference; lastKnownFileType = sourcecode.swift; path = TransactionRepository.swift; sourceTree = "<group>"; };
		7047D3622DA2ADDF009EE704 /* FirestoreService.swift */ = {isa = PBXFileReference; lastKnownFileType = sourcecode.swift; path = FirestoreService.swift; sourceTree = "<group>"; };
		7047D3642DA2B098009EE704 /* FirestoreBudgetRepositoryImpl.swift */ = {isa = PBXFileReference; lastKnownFileType = sourcecode.swift; path = FirestoreBudgetRepositoryImpl.swift; sourceTree = "<group>"; };
		7047D3662DA2B89C009EE704 /* FirestoreTransactionRepositoryImpl.swift */ = {isa = PBXFileReference; lastKnownFileType = sourcecode.swift; path = FirestoreTransactionRepositoryImpl.swift; sourceTree = "<group>"; };
		7047D3772DA2BDCE009EE704 /* FirestoreUserDTO.swift */ = {isa = PBXFileReference; lastKnownFileType = sourcecode.swift; path = FirestoreUserDTO.swift; sourceTree = "<group>"; };
		70F425802DA1603700D5F182 /* Spendid.app */ = {isa = PBXFileReference; explicitFileType = wrapper.application; includeInIndex = 0; path = Spendid.app; sourceTree = BUILT_PRODUCTS_DIR; };
		70F425AB2DA1618400D5F182 /* AppDelegate.swift */ = {isa = PBXFileReference; lastKnownFileType = sourcecode.swift; path = AppDelegate.swift; sourceTree = "<group>"; };
		70F425AC2DA1618400D5F182 /* SceneDelegate.swift */ = {isa = PBXFileReference; lastKnownFileType = sourcecode.swift; path = SceneDelegate.swift; sourceTree = "<group>"; };
		70F425B22DA1618400D5F182 /* Assets.xcassets */ = {isa = PBXFileReference; lastKnownFileType = folder.assetcatalog; path = Assets.xcassets; sourceTree = "<group>"; };
		70F425B32DA1618400D5F182 /* Info.plist */ = {isa = PBXFileReference; lastKnownFileType = text.plist.xml; path = Info.plist; sourceTree = "<group>"; };
		70F425B42DA1618400D5F182 /* Base */ = {isa = PBXFileReference; lastKnownFileType = file.storyboard; name = Base; path = Base.lproj/LaunchScreen.storyboard; sourceTree = "<group>"; };
		70F425D22DA1627300D5F182 /* AppConfigurer.swift */ = {isa = PBXFileReference; lastKnownFileType = sourcecode.swift; path = AppConfigurer.swift; sourceTree = "<group>"; };
		70F425D42DA163CD00D5F182 /* GoogleService-Info.plist */ = {isa = PBXFileReference; lastKnownFileType = text.plist.xml; path = "GoogleService-Info.plist"; sourceTree = "<group>"; };
		70F425DD2DA1659F00D5F182 /* AppNavigationControllerProvider.swift */ = {isa = PBXFileReference; lastKnownFileType = sourcecode.swift; path = AppNavigationControllerProvider.swift; sourceTree = "<group>"; };
		70F425E82DA1681500D5F182 /* HomeCoordinator.swift */ = {isa = PBXFileReference; lastKnownFileType = sourcecode.swift; path = HomeCoordinator.swift; sourceTree = "<group>"; };
		70F425E92DA1681500D5F182 /* HomeView.swift */ = {isa = PBXFileReference; lastKnownFileType = sourcecode.swift; path = HomeView.swift; sourceTree = "<group>"; };
		70F425EA2DA1681500D5F182 /* HomeViewModel.swift */ = {isa = PBXFileReference; lastKnownFileType = sourcecode.swift; path = HomeViewModel.swift; sourceTree = "<group>"; };
		70F425F72DA16A3D00D5F182 /* AuthenticationService.swift */ = {isa = PBXFileReference; lastKnownFileType = sourcecode.swift; path = AuthenticationService.swift; sourceTree = "<group>"; };
		70F426132DA1837000D5F182 /* SignInCoordinator.swift */ = {isa = PBXFileReference; lastKnownFileType = sourcecode.swift; path = SignInCoordinator.swift; sourceTree = "<group>"; };
		70F426142DA1837000D5F182 /* SignInView.swift */ = {isa = PBXFileReference; lastKnownFileType = sourcecode.swift; path = SignInView.swift; sourceTree = "<group>"; };
		70F426152DA1837000D5F182 /* SignInViewModel.swift */ = {isa = PBXFileReference; lastKnownFileType = sourcecode.swift; path = SignInViewModel.swift; sourceTree = "<group>"; };
		70F426172DA1837000D5F182 /* SignUpCoordinator.swift */ = {isa = PBXFileReference; lastKnownFileType = sourcecode.swift; path = SignUpCoordinator.swift; sourceTree = "<group>"; };
		70F426182DA1837000D5F182 /* SignUpView.swift */ = {isa = PBXFileReference; lastKnownFileType = sourcecode.swift; path = SignUpView.swift; sourceTree = "<group>"; };
		70F426192DA1837000D5F182 /* SignUpViewModel.swift */ = {isa = PBXFileReference; lastKnownFileType = sourcecode.swift; path = SignUpViewModel.swift; sourceTree = "<group>"; };
		70F426242DA18EF600D5F182 /* AuthRequest.swift */ = {isa = PBXFileReference; lastKnownFileType = sourcecode.swift; path = AuthRequest.swift; sourceTree = "<group>"; };
/* End PBXFileReference section */

/* Begin PBXFileSystemSynchronizedRootGroup section */
		7047D36D2DA2BB89009EE704 /* Transactions */ = {
			isa = PBXFileSystemSynchronizedRootGroup;
			path = Transactions;
			sourceTree = "<group>";
		};
		7047D36E2DA2BB90009EE704 /* Budgets */ = {
			isa = PBXFileSystemSynchronizedRootGroup;
			path = Budgets;
			sourceTree = "<group>";
		};
/* End PBXFileSystemSynchronizedRootGroup section */

/* Begin PBXFrameworksBuildPhase section */
		70F4257D2DA1603700D5F182 /* Frameworks */ = {
			isa = PBXFrameworksBuildPhase;
			buildActionMask = 2147483647;
			files = (
				70F425CA2DA161F000D5F182 /* DependencyContainer in Frameworks */,
				70F425D12DA1622E00D5F182 /* FirebaseFirestore in Frameworks */,
				70F425CF2DA1622E00D5F182 /* FirebaseCore in Frameworks */,
				70F425CD2DA1622E00D5F182 /* FirebaseAuth in Frameworks */,
			);
			runOnlyForDeploymentPostprocessing = 0;
		};
/* End PBXFrameworksBuildPhase section */

/* Begin PBXGroup section */
		7047D3542DA2A5A5009EE704 /* Utilities */ = {
			isa = PBXGroup;
			children = (
				7047D3532DA2A5A5009EE704 /* FormValidator.swift */,
			);
			path = Utilities;
			sourceTree = "<group>";
		};
		70F425772DA1603700D5F182 = {
			isa = PBXGroup;
			children = (
				70F425B72DA1618400D5F182 /* Spendid */,
				70F425812DA1603700D5F182 /* Products */,
			);
			sourceTree = "<group>";
		};
		70F425812DA1603700D5F182 /* Products */ = {
			isa = PBXGroup;
			children = (
				70F425802DA1603700D5F182 /* Spendid.app */,
			);
			name = Products;
			sourceTree = "<group>";
		};
		70F425AD2DA1618400D5F182 /* Application */ = {
			isa = PBXGroup;
			children = (
				70F425DD2DA1659F00D5F182 /* AppNavigationControllerProvider.swift */,
				70F425D22DA1627300D5F182 /* AppConfigurer.swift */,
				70F425AB2DA1618400D5F182 /* AppDelegate.swift */,
				70F425AC2DA1618400D5F182 /* SceneDelegate.swift */,
			);
			path = Application;
			sourceTree = "<group>";
		};
		70F425AE2DA1618400D5F182 /* Data */ = {
			isa = PBXGroup;
			children = (
				70F425C52DA161CB00D5F182 /* DTOs */,
				70F425C62DA161CB00D5F182 /* RepositoryImpl */,
			);
			path = Data;
			sourceTree = "<group>";
		};
		70F425AF2DA1618400D5F182 /* Domain */ = {
			isa = PBXGroup;
			children = (
				70F425C42DA161BD00D5F182 /* Entities */,
				70F425C32DA161BD00D5F182 /* Repositories */,
				70F425C22DA161BB00D5F182 /* UseCases */,
			);
			path = Domain;
			sourceTree = "<group>";
		};
		70F425B02DA1618400D5F182 /* Infrastructure */ = {
			isa = PBXGroup;
			children = (
				70F425F72DA16A3D00D5F182 /* AuthenticationService.swift */,
				7047D3622DA2ADDF009EE704 /* FirestoreService.swift */,
			);
			path = Infrastructure;
			sourceTree = "<group>";
		};
		70F425B12DA1618400D5F182 /* Presentation */ = {
			isa = PBXGroup;
			children = (
				70F425F02DA1681500D5F182 /* Modules */,
			);
			path = Presentation;
			sourceTree = "<group>";
		};
		70F425B62DA1618400D5F182 /* Supporting */ = {
			isa = PBXGroup;
			children = (
				70F425B22DA1618400D5F182 /* Assets.xcassets */,
				70F425B32DA1618400D5F182 /* Info.plist */,
				70F425D42DA163CD00D5F182 /* GoogleService-Info.plist */,
				70F425B52DA1618400D5F182 /* LaunchScreen.storyboard */,
			);
			path = Supporting;
			sourceTree = "<group>";
		};
		70F425B72DA1618400D5F182 /* Spendid */ = {
			isa = PBXGroup;
			children = (
				7047D3542DA2A5A5009EE704 /* Utilities */,
				70F425AD2DA1618400D5F182 /* Application */,
				70F425B02DA1618400D5F182 /* Infrastructure */,
				70F425AE2DA1618400D5F182 /* Data */,
				70F425AF2DA1618400D5F182 /* Domain */,
				70F425B12DA1618400D5F182 /* Presentation */,
				70F425B62DA1618400D5F182 /* Supporting */,
			);
			path = Spendid;
			sourceTree = "<group>";
		};
		70F425C22DA161BB00D5F182 /* UseCases */ = {
			isa = PBXGroup;
			children = (
				7047D36E2DA2BB90009EE704 /* Budgets */,
				7047D36D2DA2BB89009EE704 /* Transactions */,
			);
			path = UseCases;
			sourceTree = "<group>";
		};
		70F425C32DA161BD00D5F182 /* Repositories */ = {
			isa = PBXGroup;
			children = (
				7047D35A2DA2A8C4009EE704 /* BudgetRepository.swift */,
				7047D3602DA2A9F2009EE704 /* TransactionRepository.swift */,
			);
			path = Repositories;
			sourceTree = "<group>";
		};
		70F425C42DA161BD00D5F182 /* Entities */ = {
			isa = PBXGroup;
			children = (
				7047D35E2DA2A993009EE704 /* Budget.swift */,
				7047D3582DA2A790009EE704 /* Transaction.swift */,
				70F426242DA18EF600D5F182 /* AuthRequest.swift */,
			);
			path = Entities;
			sourceTree = "<group>";
		};
		70F425C52DA161CB00D5F182 /* DTOs */ = {
			isa = PBXGroup;
			children = (
				7047D3562DA2A5B9009EE704 /* BudgetDTO.swift */,
				7047D35C2DA2A98D009EE704 /* TransactionDTO.swift */,
				7047D3772DA2BDCE009EE704 /* FirestoreUserDTO.swift */,
			);
			path = DTOs;
			sourceTree = "<group>";
		};
		70F425C62DA161CB00D5F182 /* RepositoryImpl */ = {
			isa = PBXGroup;
			children = (
				7047D3642DA2B098009EE704 /* FirestoreBudgetRepositoryImpl.swift */,
				7047D3662DA2B89C009EE704 /* FirestoreTransactionRepositoryImpl.swift */,
			);
			path = RepositoryImpl;
			sourceTree = "<group>";
		};
		70F425EB2DA1681500D5F182 /* Home */ = {
			isa = PBXGroup;
			children = (
				70F425E82DA1681500D5F182 /* HomeCoordinator.swift */,
				70F425EA2DA1681500D5F182 /* HomeViewModel.swift */,
				70F425E92DA1681500D5F182 /* HomeView.swift */,
			);
			path = Home;
			sourceTree = "<group>";
		};
		70F425F02DA1681500D5F182 /* Modules */ = {
			isa = PBXGroup;
			children = (
				70F4261C2DA1837000D5F182 /* Auth */,
				70F425EB2DA1681500D5F182 /* Home */,
			);
			path = Modules;
			sourceTree = "<group>";
		};
		70F426162DA1837000D5F182 /* SignIn */ = {
			isa = PBXGroup;
			children = (
				70F426132DA1837000D5F182 /* SignInCoordinator.swift */,
				70F426152DA1837000D5F182 /* SignInViewModel.swift */,
				70F426142DA1837000D5F182 /* SignInView.swift */,
			);
			path = SignIn;
			sourceTree = "<group>";
		};
		70F4261A2DA1837000D5F182 /* SignUp */ = {
			isa = PBXGroup;
			children = (
				70F426172DA1837000D5F182 /* SignUpCoordinator.swift */,
				70F426192DA1837000D5F182 /* SignUpViewModel.swift */,
				70F426182DA1837000D5F182 /* SignUpView.swift */,
			);
			path = SignUp;
			sourceTree = "<group>";
		};
		70F4261C2DA1837000D5F182 /* Auth */ = {
			isa = PBXGroup;
			children = (
				70F426162DA1837000D5F182 /* SignIn */,
				70F4261A2DA1837000D5F182 /* SignUp */,
			);
			path = Auth;
			sourceTree = "<group>";
		};
/* End PBXGroup section */

/* Begin PBXNativeTarget section */
		70F4257F2DA1603700D5F182 /* Spendid */ = {
			isa = PBXNativeTarget;
			buildConfigurationList = 70F425932DA1603900D5F182 /* Build configuration list for PBXNativeTarget "Spendid" */;
			buildPhases = (
				70F4257C2DA1603700D5F182 /* Sources */,
				70F4257D2DA1603700D5F182 /* Frameworks */,
				70F4257E2DA1603700D5F182 /* Resources */,
			);
			buildRules = (
			);
			dependencies = (
			);
			fileSystemSynchronizedGroups = (
				7047D36D2DA2BB89009EE704 /* Transactions */,
				7047D36E2DA2BB90009EE704 /* Budgets */,
			);
			name = Spendid;
			packageProductDependencies = (
				70F425C92DA161F000D5F182 /* DependencyContainer */,
				70F425CC2DA1622E00D5F182 /* FirebaseAuth */,
				70F425CE2DA1622E00D5F182 /* FirebaseCore */,
				70F425D02DA1622E00D5F182 /* FirebaseFirestore */,
			);
			productName = Spendid;
			productReference = 70F425802DA1603700D5F182 /* Spendid.app */;
			productType = "com.apple.product-type.application";
		};
/* End PBXNativeTarget section */

/* Begin PBXProject section */
		70F425782DA1603700D5F182 /* Project object */ = {
			isa = PBXProject;
			attributes = {
				BuildIndependentTargetsInParallel = 1;
				LastSwiftUpdateCheck = 1620;
				LastUpgradeCheck = 1620;
				TargetAttributes = {
					70F4257F2DA1603700D5F182 = {
						CreatedOnToolsVersion = 16.2;
					};
				};
			};
			buildConfigurationList = 70F4257B2DA1603700D5F182 /* Build configuration list for PBXProject "Spendid" */;
			developmentRegion = en;
			hasScannedForEncodings = 0;
			knownRegions = (
				en,
				Base,
			);
			mainGroup = 70F425772DA1603700D5F182;
			minimizedProjectReferenceProxies = 1;
			packageReferences = (
				70F425C82DA161F000D5F182 /* XCRemoteSwiftPackageReference "DependencyContainer" */,
				70F425CB2DA1622E00D5F182 /* XCRemoteSwiftPackageReference "firebase-ios-sdk" */,
			);
			preferredProjectObjectVersion = 77;
			productRefGroup = 70F425812DA1603700D5F182 /* Products */;
			projectDirPath = "";
			projectRoot = "";
			targets = (
				70F4257F2DA1603700D5F182 /* Spendid */,
			);
		};
/* End PBXProject section */

/* Begin PBXResourcesBuildPhase section */
		70F4257E2DA1603700D5F182 /* Resources */ = {
			isa = PBXResourcesBuildPhase;
			buildActionMask = 2147483647;
			files = (
				70F425BA2DA1618400D5F182 /* Assets.xcassets in Resources */,
				70F425BC2DA1618400D5F182 /* LaunchScreen.storyboard in Resources */,
				70F425D52DA163CD00D5F182 /* GoogleService-Info.plist in Resources */,
			);
			runOnlyForDeploymentPostprocessing = 0;
		};
/* End PBXResourcesBuildPhase section */

/* Begin PBXSourcesBuildPhase section */
		70F4257C2DA1603700D5F182 /* Sources */ = {
			isa = PBXSourcesBuildPhase;
			buildActionMask = 2147483647;
			files = (
				7047D3612DA2A9F2009EE704 /* TransactionRepository.swift in Sources */,
				7047D35D2DA2A98D009EE704 /* TransactionDTO.swift in Sources */,
				7047D3782DA2BDCE009EE704 /* FirestoreUserDTO.swift in Sources */,
				70F4261D2DA1837000D5F182 /* SignInCoordinator.swift in Sources */,
				70F4261E2DA1837000D5F182 /* SignInView.swift in Sources */,
				70F426252DA18EF600D5F182 /* AuthRequest.swift in Sources */,
				7047D3632DA2ADDF009EE704 /* FirestoreService.swift in Sources */,
				7047D3652DA2B098009EE704 /* FirestoreBudgetRepositoryImpl.swift in Sources */,
				7047D35B2DA2A8C4009EE704 /* BudgetRepository.swift in Sources */,
				7047D35F2DA2A993009EE704 /* Budget.swift in Sources */,
				70F4261F2DA1837000D5F182 /* SignInViewModel.swift in Sources */,
				70F426202DA1837000D5F182 /* SignUpCoordinator.swift in Sources */,
				70F426212DA1837000D5F182 /* SignUpView.swift in Sources */,
				70F426222DA1837000D5F182 /* SignUpViewModel.swift in Sources */,
				70F425B82DA1618400D5F182 /* AppDelegate.swift in Sources */,
				7047D3592DA2A790009EE704 /* Transaction.swift in Sources */,
				7047D3552DA2A5A5009EE704 /* FormValidator.swift in Sources */,
				70F425B92DA1618400D5F182 /* SceneDelegate.swift in Sources */,
				70F425DE2DA1659F00D5F182 /* AppNavigationControllerProvider.swift in Sources */,
				7047D3572DA2A5B9009EE704 /* BudgetDTO.swift in Sources */,
				70F425D32DA1627300D5F182 /* AppConfigurer.swift in Sources */,
				70F425F12DA1681500D5F182 /* HomeCoordinator.swift in Sources */,
				70F425F22DA1681500D5F182 /* HomeView.swift in Sources */,
				70F425F32DA1681500D5F182 /* HomeViewModel.swift in Sources */,
				70F425F82DA16A3D00D5F182 /* AuthenticationService.swift in Sources */,
			);
			runOnlyForDeploymentPostprocessing = 0;
		};
/* End PBXSourcesBuildPhase section */

/* Begin PBXVariantGroup section */
		70F425B52DA1618400D5F182 /* LaunchScreen.storyboard */ = {
			isa = PBXVariantGroup;
			children = (
				70F425B42DA1618400D5F182 /* Base */,
			);
			name = LaunchScreen.storyboard;
			sourceTree = "<group>";
		};
/* End PBXVariantGroup section */

/* Begin XCBuildConfiguration section */
		70F425942DA1603900D5F182 /* Debug */ = {
			isa = XCBuildConfiguration;
			buildSettings = {
				ASSETCATALOG_COMPILER_APPICON_NAME = AppIcon;
				ASSETCATALOG_COMPILER_GLOBAL_ACCENT_COLOR_NAME = AccentColor;
				CODE_SIGN_STYLE = Automatic;
				CURRENT_PROJECT_VERSION = 1;
				DEVELOPMENT_TEAM = 8WMXKK3LQU;
				GENERATE_INFOPLIST_FILE = YES;
				INFOPLIST_FILE = Spendid/Supporting/Info.plist;
				INFOPLIST_KEY_UIApplicationSupportsIndirectInputEvents = YES;
				INFOPLIST_KEY_UILaunchStoryboardName = LaunchScreen;
				INFOPLIST_KEY_UIMainStoryboardFile = "";
				INFOPLIST_KEY_UISupportedInterfaceOrientations = UIInterfaceOrientationPortrait;
				INFOPLIST_KEY_UISupportedInterfaceOrientations_iPad = "UIInterfaceOrientationLandscapeLeft UIInterfaceOrientationLandscapeRight UIInterfaceOrientationPortrait UIInterfaceOrientationPortraitUpsideDown";
				IPHONEOS_DEPLOYMENT_TARGET = 15.6;
				LD_RUNPATH_SEARCH_PATHS = (
					"$(inherited)",
					"@executable_path/Frameworks",
				);
				MARKETING_VERSION = 1.0;
				PRODUCT_BUNDLE_IDENTIFIER = com.ertan.Spendid;
				PRODUCT_NAME = "$(TARGET_NAME)";
				SUPPORTED_PLATFORMS = "iphoneos iphonesimulator";
				SUPPORTS_MACCATALYST = NO;
				SUPPORTS_MAC_DESIGNED_FOR_IPHONE_IPAD = NO;
				SUPPORTS_XR_DESIGNED_FOR_IPHONE_IPAD = NO;
				SWIFT_EMIT_LOC_STRINGS = YES;
				SWIFT_VERSION = 5.0;
				TARGETED_DEVICE_FAMILY = 1;
			};
			name = Debug;
		};
		70F425952DA1603900D5F182 /* Release */ = {
			isa = XCBuildConfiguration;
			buildSettings = {
				ASSETCATALOG_COMPILER_APPICON_NAME = AppIcon;
				ASSETCATALOG_COMPILER_GLOBAL_ACCENT_COLOR_NAME = AccentColor;
				CODE_SIGN_STYLE = Automatic;
				CURRENT_PROJECT_VERSION = 1;
				DEVELOPMENT_TEAM = 8WMXKK3LQU;
				GENERATE_INFOPLIST_FILE = YES;
				INFOPLIST_FILE = Spendid/Supporting/Info.plist;
				INFOPLIST_KEY_UIApplicationSupportsIndirectInputEvents = YES;
				INFOPLIST_KEY_UILaunchStoryboardName = LaunchScreen;
				INFOPLIST_KEY_UIMainStoryboardFile = "";
				INFOPLIST_KEY_UISupportedInterfaceOrientations = UIInterfaceOrientationPortrait;
				INFOPLIST_KEY_UISupportedInterfaceOrientations_iPad = "UIInterfaceOrientationLandscapeLeft UIInterfaceOrientationLandscapeRight UIInterfaceOrientationPortrait UIInterfaceOrientationPortraitUpsideDown";
				IPHONEOS_DEPLOYMENT_TARGET = 15.6;
				LD_RUNPATH_SEARCH_PATHS = (
					"$(inherited)",
					"@executable_path/Frameworks",
				);
				MARKETING_VERSION = 1.0;
				PRODUCT_BUNDLE_IDENTIFIER = com.ertan.Spendid;
				PRODUCT_NAME = "$(TARGET_NAME)";
				SUPPORTED_PLATFORMS = "iphoneos iphonesimulator";
				SUPPORTS_MACCATALYST = NO;
				SUPPORTS_MAC_DESIGNED_FOR_IPHONE_IPAD = NO;
				SUPPORTS_XR_DESIGNED_FOR_IPHONE_IPAD = NO;
				SWIFT_EMIT_LOC_STRINGS = YES;
				SWIFT_VERSION = 5.0;
				TARGETED_DEVICE_FAMILY = 1;
			};
			name = Release;
		};
		70F425962DA1603900D5F182 /* Debug */ = {
			isa = XCBuildConfiguration;
			buildSettings = {
				ALWAYS_SEARCH_USER_PATHS = NO;
				ASSETCATALOG_COMPILER_GENERATE_SWIFT_ASSET_SYMBOL_EXTENSIONS = YES;
				CLANG_ANALYZER_NONNULL = YES;
				CLANG_ANALYZER_NUMBER_OBJECT_CONVERSION = YES_AGGRESSIVE;
				CLANG_CXX_LANGUAGE_STANDARD = "gnu++20";
				CLANG_ENABLE_MODULES = YES;
				CLANG_ENABLE_OBJC_ARC = YES;
				CLANG_ENABLE_OBJC_WEAK = YES;
				CLANG_WARN_BLOCK_CAPTURE_AUTORELEASING = YES;
				CLANG_WARN_BOOL_CONVERSION = YES;
				CLANG_WARN_COMMA = YES;
				CLANG_WARN_CONSTANT_CONVERSION = YES;
				CLANG_WARN_DEPRECATED_OBJC_IMPLEMENTATIONS = YES;
				CLANG_WARN_DIRECT_OBJC_ISA_USAGE = YES_ERROR;
				CLANG_WARN_DOCUMENTATION_COMMENTS = YES;
				CLANG_WARN_EMPTY_BODY = YES;
				CLANG_WARN_ENUM_CONVERSION = YES;
				CLANG_WARN_INFINITE_RECURSION = YES;
				CLANG_WARN_INT_CONVERSION = YES;
				CLANG_WARN_NON_LITERAL_NULL_CONVERSION = YES;
				CLANG_WARN_OBJC_IMPLICIT_RETAIN_SELF = YES;
				CLANG_WARN_OBJC_LITERAL_CONVERSION = YES;
				CLANG_WARN_OBJC_ROOT_CLASS = YES_ERROR;
				CLANG_WARN_QUOTED_INCLUDE_IN_FRAMEWORK_HEADER = YES;
				CLANG_WARN_RANGE_LOOP_ANALYSIS = YES;
				CLANG_WARN_STRICT_PROTOTYPES = YES;
				CLANG_WARN_SUSPICIOUS_MOVE = YES;
				CLANG_WARN_UNGUARDED_AVAILABILITY = YES_AGGRESSIVE;
				CLANG_WARN_UNREACHABLE_CODE = YES;
				CLANG_WARN__DUPLICATE_METHOD_MATCH = YES;
				COPY_PHASE_STRIP = NO;
				DEBUG_INFORMATION_FORMAT = dwarf;
				ENABLE_STRICT_OBJC_MSGSEND = YES;
				ENABLE_TESTABILITY = YES;
				ENABLE_USER_SCRIPT_SANDBOXING = YES;
				GCC_C_LANGUAGE_STANDARD = gnu17;
				GCC_DYNAMIC_NO_PIC = NO;
				GCC_NO_COMMON_BLOCKS = YES;
				GCC_OPTIMIZATION_LEVEL = 0;
				GCC_PREPROCESSOR_DEFINITIONS = (
					"DEBUG=1",
					"$(inherited)",
				);
				GCC_WARN_64_TO_32_BIT_CONVERSION = YES;
				GCC_WARN_ABOUT_RETURN_TYPE = YES_ERROR;
				GCC_WARN_UNDECLARED_SELECTOR = YES;
				GCC_WARN_UNINITIALIZED_AUTOS = YES_AGGRESSIVE;
				GCC_WARN_UNUSED_FUNCTION = YES;
				GCC_WARN_UNUSED_VARIABLE = YES;
				IPHONEOS_DEPLOYMENT_TARGET = 15.6;
				LOCALIZATION_PREFERS_STRING_CATALOGS = YES;
				MTL_ENABLE_DEBUG_INFO = INCLUDE_SOURCE;
				MTL_FAST_MATH = YES;
				ONLY_ACTIVE_ARCH = YES;
				SDKROOT = iphoneos;
				SWIFT_ACTIVE_COMPILATION_CONDITIONS = "DEBUG $(inherited)";
				SWIFT_OPTIMIZATION_LEVEL = "-Onone";
			};
			name = Debug;
		};
		70F425972DA1603900D5F182 /* Release */ = {
			isa = XCBuildConfiguration;
			buildSettings = {
				ALWAYS_SEARCH_USER_PATHS = NO;
				ASSETCATALOG_COMPILER_GENERATE_SWIFT_ASSET_SYMBOL_EXTENSIONS = YES;
				CLANG_ANALYZER_NONNULL = YES;
				CLANG_ANALYZER_NUMBER_OBJECT_CONVERSION = YES_AGGRESSIVE;
				CLANG_CXX_LANGUAGE_STANDARD = "gnu++20";
				CLANG_ENABLE_MODULES = YES;
				CLANG_ENABLE_OBJC_ARC = YES;
				CLANG_ENABLE_OBJC_WEAK = YES;
				CLANG_WARN_BLOCK_CAPTURE_AUTORELEASING = YES;
				CLANG_WARN_BOOL_CONVERSION = YES;
				CLANG_WARN_COMMA = YES;
				CLANG_WARN_CONSTANT_CONVERSION = YES;
				CLANG_WARN_DEPRECATED_OBJC_IMPLEMENTATIONS = YES;
				CLANG_WARN_DIRECT_OBJC_ISA_USAGE = YES_ERROR;
				CLANG_WARN_DOCUMENTATION_COMMENTS = YES;
				CLANG_WARN_EMPTY_BODY = YES;
				CLANG_WARN_ENUM_CONVERSION = YES;
				CLANG_WARN_INFINITE_RECURSION = YES;
				CLANG_WARN_INT_CONVERSION = YES;
				CLANG_WARN_NON_LITERAL_NULL_CONVERSION = YES;
				CLANG_WARN_OBJC_IMPLICIT_RETAIN_SELF = YES;
				CLANG_WARN_OBJC_LITERAL_CONVERSION = YES;
				CLANG_WARN_OBJC_ROOT_CLASS = YES_ERROR;
				CLANG_WARN_QUOTED_INCLUDE_IN_FRAMEWORK_HEADER = YES;
				CLANG_WARN_RANGE_LOOP_ANALYSIS = YES;
				CLANG_WARN_STRICT_PROTOTYPES = YES;
				CLANG_WARN_SUSPICIOUS_MOVE = YES;
				CLANG_WARN_UNGUARDED_AVAILABILITY = YES_AGGRESSIVE;
				CLANG_WARN_UNREACHABLE_CODE = YES;
				CLANG_WARN__DUPLICATE_METHOD_MATCH = YES;
				COPY_PHASE_STRIP = NO;
				DEBUG_INFORMATION_FORMAT = "dwarf-with-dsym";
				ENABLE_NS_ASSERTIONS = NO;
				ENABLE_STRICT_OBJC_MSGSEND = YES;
				ENABLE_USER_SCRIPT_SANDBOXING = YES;
				GCC_C_LANGUAGE_STANDARD = gnu17;
				GCC_NO_COMMON_BLOCKS = YES;
				GCC_WARN_64_TO_32_BIT_CONVERSION = YES;
				GCC_WARN_ABOUT_RETURN_TYPE = YES_ERROR;
				GCC_WARN_UNDECLARED_SELECTOR = YES;
				GCC_WARN_UNINITIALIZED_AUTOS = YES_AGGRESSIVE;
				GCC_WARN_UNUSED_FUNCTION = YES;
				GCC_WARN_UNUSED_VARIABLE = YES;
				IPHONEOS_DEPLOYMENT_TARGET = 15.6;
				LOCALIZATION_PREFERS_STRING_CATALOGS = YES;
				MTL_ENABLE_DEBUG_INFO = NO;
				MTL_FAST_MATH = YES;
				SDKROOT = iphoneos;
				SWIFT_COMPILATION_MODE = wholemodule;
				VALIDATE_PRODUCT = YES;
			};
			name = Release;
		};
/* End XCBuildConfiguration section */

/* Begin XCConfigurationList section */
		70F4257B2DA1603700D5F182 /* Build configuration list for PBXProject "Spendid" */ = {
			isa = XCConfigurationList;
			buildConfigurations = (
				70F425962DA1603900D5F182 /* Debug */,
				70F425972DA1603900D5F182 /* Release */,
			);
			defaultConfigurationIsVisible = 0;
			defaultConfigurationName = Release;
		};
		70F425932DA1603900D5F182 /* Build configuration list for PBXNativeTarget "Spendid" */ = {
			isa = XCConfigurationList;
			buildConfigurations = (
				70F425942DA1603900D5F182 /* Debug */,
				70F425952DA1603900D5F182 /* Release */,
			);
			defaultConfigurationIsVisible = 0;
			defaultConfigurationName = Release;
		};
/* End XCConfigurationList section */

/* Begin XCRemoteSwiftPackageReference section */
		70F425C82DA161F000D5F182 /* XCRemoteSwiftPackageReference "DependencyContainer" */ = {
			isa = XCRemoteSwiftPackageReference;
			repositoryURL = "https://github.com/exproot/DependencyContainer.git";
			requirement = {
				branch = main;
				kind = branch;
			};
		};
		70F425CB2DA1622E00D5F182 /* XCRemoteSwiftPackageReference "firebase-ios-sdk" */ = {
			isa = XCRemoteSwiftPackageReference;
			repositoryURL = "https://github.com/firebase/firebase-ios-sdk";
			requirement = {
				kind = upToNextMajorVersion;
				minimumVersion = 11.11.0;
			};
		};
/* End XCRemoteSwiftPackageReference section */

/* Begin XCSwiftPackageProductDependency section */
		70F425C92DA161F000D5F182 /* DependencyContainer */ = {
			isa = XCSwiftPackageProductDependency;
			package = 70F425C82DA161F000D5F182 /* XCRemoteSwiftPackageReference "DependencyContainer" */;
			productName = DependencyContainer;
		};
		70F425CC2DA1622E00D5F182 /* FirebaseAuth */ = {
			isa = XCSwiftPackageProductDependency;
			package = 70F425CB2DA1622E00D5F182 /* XCRemoteSwiftPackageReference "firebase-ios-sdk" */;
			productName = FirebaseAuth;
		};
		70F425CE2DA1622E00D5F182 /* FirebaseCore */ = {
			isa = XCSwiftPackageProductDependency;
			package = 70F425CB2DA1622E00D5F182 /* XCRemoteSwiftPackageReference "firebase-ios-sdk" */;
			productName = FirebaseCore;
		};
		70F425D02DA1622E00D5F182 /* FirebaseFirestore */ = {
			isa = XCSwiftPackageProductDependency;
			package = 70F425CB2DA1622E00D5F182 /* XCRemoteSwiftPackageReference "firebase-ios-sdk" */;
			productName = FirebaseFirestore;
		};
/* End XCSwiftPackageProductDependency section */
	};
	rootObject = 70F425782DA1603700D5F182 /* Project object */;
}
